
Microsoft Visual Studio Solution File, Format Version 12.00
# Visual Studio Version 17
VisualStudioVersion = 17.2.32519.379
MinimumVisualStudioVersion = 10.0.40219.1
Project("{FAE04EC0-301F-11D3-BF4B-00C04F79EFBC}") = "LabaleMakerService", "LabaleMakerService\LabaleMakerService.csproj", "{E9EAF220-5F01-4291-A56F-6377D421AA49}"
EndProject
Project("{FAE04EC0-301F-11D3-BF4B-00C04F79EFBC}") = "Contracts", "Contracts\Contracts.csproj", "{1C34DE4C-0C55-4BA0-8C47-1B614993906D}"
EndProject
Project("{FAE04EC0-301F-11D3-BF4B-00C04F79EFBC}") = "Repositories", "Repositories\Repositories.csproj", "{ECCFD9A1-F7FA-4989-BA97-B6F43FFCB4D3}"
EndProject
Project("{FAE04EC0-301F-11D3-BF4B-00C04F79EFBC}") = "Entities", "Entities\Entities.csproj", "{4DAF5E28-40E5-4C69-95EC-01A1FFC74504}"
EndProject
Project("{FAE04EC0-301F-11D3-BF4B-00C04F79EFBC}") = "Logger", "Logger\Logger.csproj", "{C7F91C80-B490-4492-8421-C1DB67879BC8}"
EndProject
Global
	GlobalSection(SolutionConfigurationPlatforms) = preSolution
		Debug|Any CPU = Debug|Any CPU
		Release|Any CPU = Release|Any CPU
	EndGlobalSection
	GlobalSection(ProjectConfigurationPlatforms) = postSolution
		{E9EAF220-5F01-4291-A56F-6377D421AA49}.Debug|Any CPU.ActiveCfg = Debug|Any CPU
		{E9EAF220-5F01-4291-A56F-6377D421AA49}.Debug|Any CPU.Build.0 = Debug|Any CPU
		{E9EAF220-5F01-4291-A56F-6377D421AA49}.Release|Any CPU.ActiveCfg = Release|Any CPU
		{E9EAF220-5F01-4291-A56F-6377D421AA49}.Release|Any CPU.Build.0 = Release|Any CPU
		{1C34DE4C-0C55-4BA0-8C47-1B614993906D}.Debug|Any CPU.ActiveCfg = Debug|Any CPU
		{1C34DE4C-0C55-4BA0-8C47-1B614993906D}.Debug|Any CPU.Build.0 = Debug|Any CPU
		{1C34DE4C-0C55-4BA0-8C47-1B614993906D}.Release|Any CPU.ActiveCfg = Release|Any CPU
		{1C34DE4C-0C55-4BA0-8C47-1B614993906D}.Release|Any CPU.Build.0 = Release|Any CPU
		{ECCFD9A1-F7FA-4989-BA97-B6F43FFCB4D3}.Debug|Any CPU.ActiveCfg = Debug|Any CPU
		{ECCFD9A1-F7FA-4989-BA97-B6F43FFCB4D3}.Debug|Any CPU.Build.0 = Debug|Any CPU
		{ECCFD9A1-F7FA-4989-BA97-B6F43FFCB4D3}.Release|Any CPU.ActiveCfg = Release|Any CPU
		{ECCFD9A1-F7FA-4989-BA97-B6F43FFCB4D3}.Release|Any CPU.Build.0 = Release|Any CPU
		{4DAF5E28-40E5-4C69-95EC-01A1FFC74504}.Debug|Any CPU.ActiveCfg = Debug|Any CPU
		{4DAF5E28-40E5-4C69-95EC-01A1FFC74504}.Debug|Any CPU.Build.0 = Debug|Any CPU
		{4DAF5E28-40E5-4C69-95EC-01A1FFC74504}.Release|Any CPU.ActiveCfg = Release|Any CPU
		{4DAF5E28-40E5-4C69-95EC-01A1FFC74504}.Release|Any CPU.Build.0 = Release|Any CPU
		{C7F91C80-B490-4492-8421-C1DB67879BC8}.Debug|Any CPU.ActiveCfg = Debug|Any CPU
		{C7F91C80-B490-4492-8421-C1DB67879BC8}.Debug|Any CPU.Build.0 = Debug|Any CPU
		{C7F91C80-B490-4492-8421-C1DB67879BC8}.Release|Any CPU.ActiveCfg = Release|Any CPU
		{C7F91C80-B490-4492-8421-C1DB67879BC8}.Release|Any CPU.Build.0 = Release|Any CPU
	EndGlobalSection
	GlobalSection(SolutionProperties) = preSolution
		HideSolutionNode = FALSE
	EndGlobalSection
	GlobalSection(ExtensibilityGlobals) = postSolution
		SolutionGuid = {81D33133-0DEC-4248-8E0D-98890DDC2BFC}
	EndGlobalSection
EndGlobal
